
Microsoft Visual Studio Solution File, Format Version 12.00
# Visual Studio Version 17
VisualStudioVersion = 17.4.33103.184
MinimumVisualStudioVersion = 10.0.40219.1
Project("{FAE04EC0-301F-11D3-BF4B-00C04F79EFBC}") = "TaxiCompany", "TaxiCompany\TaxiCompany.csproj", "{9F22BF66-A07D-4A67-8A4C-7EFC53A56D17}"
EndProject
Global
	GlobalSection(SolutionConfigurationPlatforms) = preSolution
		Debug|Any CPU = Debug|Any CPU
		Release|Any CPU = Release|Any CPU
	EndGlobalSection
	GlobalSection(ProjectConfigurationPlatforms) = postSolution
		{9F22BF66-A07D-4A67-8A4C-7EFC53A56D17}.Debug|Any CPU.ActiveCfg = Debug|Any CPU
		{9F22BF66-A07D-4A67-8A4C-7EFC53A56D17}.Debug|Any CPU.Build.0 = Debug|Any CPU
		{9F22BF66-A07D-4A67-8A4C-7EFC53A56D17}.Release|Any CPU.ActiveCfg = Release|Any CPU
		{9F22BF66-A07D-4A67-8A4C-7EFC53A56D17}.Release|Any CPU.Build.0 = Release|Any CPU
	EndGlobalSection
	GlobalSection(SolutionProperties) = preSolution
		HideSolutionNode = FALSE
	EndGlobalSection
	GlobalSection(ExtensibilityGlobals) = postSolution
		SolutionGuid = {4FCA6D50-5239-4158-A085-FB310B16D98E}
	EndGlobalSection
EndGlobal
